<?xml version="1.0" encoding="utf-8"?>
<Project ToolsVersion="4.0" xmlns="http://schemas.microsoft.com/developer/msbuild/2003">
  <ItemGroup>
    <ClCompile Include="..\src\main.cpp" />
    <ClCompile Include="..\src\engine\Engine.cpp">
      <Filter>engine</Filter>
    </ClCompile>
    <ClCompile Include="..\src\engine\World.cpp">
      <Filter>engine</Filter>
    </ClCompile>
    <ClCompile Include="..\src\glad.c" />
    <ClCompile Include="..\src\engine\Shader.cpp">
      <Filter>engine</Filter>
    </ClCompile>
    <ClCompile Include="..\src\stb.c" />
    <ClCompile Include="..\src\engine\VAO.cpp">
      <Filter>engine</Filter>
    </ClCompile>
    <ClCompile Include="..\src\engine\VBO.cpp">
      <Filter>engine</Filter>
    </ClCompile>
    <ClCompile Include="..\src\engine\EBO.cpp">
      <Filter>engine</Filter>
    </ClCompile>
    <ClCompile Include="..\src\engine\Mesh.cpp">
      <Filter>engine</Filter>
    </ClCompile>
    <ClCompile Include="..\src\engine\Camera.cpp">
      <Filter>engine</Filter>
    </ClCompile>
    <ClCompile Include="..\src\engine\Utils.cpp">
      <Filter>engine</Filter>
    </ClCompile>
    <ClCompile Include="..\src\engine\Texture.cpp">
      <Filter>engine</Filter>
    </ClCompile>
  </ItemGroup>
  <ItemGroup>
    <Filter Include="engine">
      <UniqueIdentifier>{a5820b76-d4e6-4361-aa42-aaf675a3a56f}</UniqueIdentifier>
    </Filter>
    <Filter Include="shaders">
      <UniqueIdentifier>{c062e86b-dce4-4f2e-bbfd-33dfdcbee193}</UniqueIdentifier>
    </Filter>
    <Filter Include="resources">
      <UniqueIdentifier>{cfe59691-9222-4481-8393-f1f296737c0f}</UniqueIdentifier>
    </Filter>
    <Filter Include="resources\textures">
      <UniqueIdentifier>{dc994d7e-39a1-46b3-9324-5059c68190a8}</UniqueIdentifier>
    </Filter>
    <Filter Include="resources\models">
      <UniqueIdentifier>{935ecafb-0c28-4344-a9d3-17cf75532d9e}</UniqueIdentifier>
    </Filter>
  </ItemGroup>
  <ItemGroup>
    <ClInclude Include="..\src\engine\Engine.h">
      <Filter>engine</Filter>
    </ClInclude>
    <ClInclude Include="..\src\engine\World.h">
      <Filter>engine</Filter>
    </ClInclude>
    <ClInclude Include="..\src\engine\Shader.h">
      <Filter>engine</Filter>
    </ClInclude>
    <ClInclude Include="..\src\glm.h" />
    <ClInclude Include="..\src\engine\VAO.h">
      <Filter>engine</Filter>
    </ClInclude>
    <ClInclude Include="..\src\engine\VBO.h">
      <Filter>engine</Filter>
    </ClInclude>
    <ClInclude Include="..\src\engine\EBO.h">
      <Filter>engine</Filter>
    </ClInclude>
    <ClInclude Include="..\src\engine\Mesh.h">
      <Filter>engine</Filter>
    </ClInclude>
    <ClInclude Include="..\src\engine\Camera.h">
      <Filter>engine</Filter>
    </ClInclude>
    <ClInclude Include="..\src\engine\Utils.h">
      <Filter>engine</Filter>
    </ClInclude>
    <ClInclude Include="..\src\engine\Texture.h">
      <Filter>engine</Filter>
    </ClInclude>
  </ItemGroup>
  <ItemGroup>
    <Image Include="..\resources\textures\default.png">
      <Filter>resources\textures</Filter>
    </Image>
  </ItemGroup>
  <ItemGroup>
    <None Include="..\src\shaders\object.frag">
      <Filter>shaders</Filter>
    </None>
    <None Include="..\src\shaders\object.vert">
      <Filter>shaders</Filter>
    </None>
    <None Include="..\src\shaders\light.vert">
      <Filter>shaders</Filter>
    </None>
    <None Include="..\src\shaders\light.frag">
      <Filter>shaders</Filter>
    </None>
  </ItemGroup>
  <ItemGroup>
    <Object Include="..\resources\models\sphere.obj">
      <Filter>resources\models</Filter>
    </Object>
  </ItemGroup>
</Project>